
Microsoft Visual Studio Solution File, Format Version 11.00
# Visual Studio 2010
Project("{FAE04EC0-301F-11D3-BF4B-00C04F79EFBC}") = "Assembly-CSharp", "Assembly-CSharp.csproj", "{7db15072-b477-3a1d-1b10-5715423b6bbc}"
EndProject
Global
	GlobalSection(SolutionConfigurationPlatforms) = preSolution
		Debug|Any CPU = Debug|Any CPU
		Release|Any CPU = Release|Any CPU
	EndGlobalSection
	GlobalSection(ProjectConfigurationPlatforms) = postSolution
		{7db15072-b477-3a1d-1b10-5715423b6bbc}.Debug|Any CPU.ActiveCfg = Debug|Any CPU
		{7db15072-b477-3a1d-1b10-5715423b6bbc}.Debug|Any CPU.Build.0 = Debug|Any CPU
		{7db15072-b477-3a1d-1b10-5715423b6bbc}.Release|Any CPU.ActiveCfg = Release|Any CPU
		{7db15072-b477-3a1d-1b10-5715423b6bbc}.Release|Any CPU.Build.0 = Release|Any CPU
	EndGlobalSection
	GlobalSection(SolutionProperties) = preSolution
		HideSolutionNode = FALSE
	EndGlobalSection
EndGlobal
